
Microsoft Visual Studio Solution File, Format Version 12.00
# Visual Studio Version 17
VisualStudioVersion = 17.5.002.0
MinimumVisualStudioVersion = 10.0.40219.1
Project("{9A19103F-16F7-4668-BE54-9A1E7A4F7556}") = "DotnetProject2025", "DotnetProject2025.csproj", "{7CAFFE90-0B9D-4DD3-B451-8A28388F9814}"
EndProject
Global
	GlobalSection(SolutionConfigurationPlatforms) = preSolution
		Debug|Any CPU = Debug|Any CPU
		Release|Any CPU = Release|Any CPU
	EndGlobalSection
	GlobalSection(ProjectConfigurationPlatforms) = postSolution
		{7CAFFE90-0B9D-4DD3-B451-8A28388F9814}.Debug|Any CPU.ActiveCfg = Debug|Any CPU
		{7CAFFE90-0B9D-4DD3-B451-8A28388F9814}.Debug|Any CPU.Build.0 = Debug|Any CPU
		{7CAFFE90-0B9D-4DD3-B451-8A28388F9814}.Release|Any CPU.ActiveCfg = Release|Any CPU
		{7CAFFE90-0B9D-4DD3-B451-8A28388F9814}.Release|Any CPU.Build.0 = Release|Any CPU
	EndGlobalSection
	GlobalSection(SolutionProperties) = preSolution
		HideSolutionNode = FALSE
	EndGlobalSection
	GlobalSection(ExtensibilityGlobals) = postSolution
		SolutionGuid = {F2B0D988-BE1A-45F8-9236-142E612BECC0}
	EndGlobalSection
EndGlobal
